// !$*UTF8*$!
{
	archiveVersion = 1;
	classes = {
	};
	objectVersion = 56;
	objects = {

/* Begin PBXBuildFile section */
		0346AC742BC0BEE600B6C831 /* Movies.swift in Sources */ = {isa = PBXBuildFile; fileRef = 0346AC732BC0BEE600B6C831 /* Movies.swift */; };
		0346AC772BC0BF0500B6C831 /* BuyStockViewModel.swift in Sources */ = {isa = PBXBuildFile; fileRef = 0346AC762BC0BF0500B6C831 /* BuyStockViewModel.swift */; };
		0346AC792BC0C5E900B6C831 /* ExecutingView.swift in Sources */ = {isa = PBXBuildFile; fileRef = 0346AC782BC0C5E900B6C831 /* ExecutingView.swift */; };
		0346AC7B2BC0C5F300B6C831 /* FailureView.swift in Sources */ = {isa = PBXBuildFile; fileRef = 0346AC7A2BC0C5F300B6C831 /* FailureView.swift */; };
		0346AC7D2BC0C60500B6C831 /* ExecutedView.swift in Sources */ = {isa = PBXBuildFile; fileRef = 0346AC7C2BC0C60500B6C831 /* ExecutedView.swift */; };
		0346AC7F2BC1F71A00B6C831 /* SubmitView.swift in Sources */ = {isa = PBXBuildFile; fileRef = 0346AC7E2BC1F71A00B6C831 /* SubmitView.swift */; };
		035567532BBCE5D000F04C6B /* PracticeApp.swift in Sources */ = {isa = PBXBuildFile; fileRef = 035567522BBCE5D000F04C6B /* PracticeApp.swift */; };
		035567552BBCE5D000F04C6B /* ContentView.swift in Sources */ = {isa = PBXBuildFile; fileRef = 035567542BBCE5D000F04C6B /* ContentView.swift */; };
		035567572BBCE5D100F04C6B /* Assets.xcassets in Resources */ = {isa = PBXBuildFile; fileRef = 035567562BBCE5D100F04C6B /* Assets.xcassets */; };
		0355675B2BBCE5D100F04C6B /* Preview Assets.xcassets in Resources */ = {isa = PBXBuildFile; fileRef = 0355675A2BBCE5D100F04C6B /* Preview Assets.xcassets */; };
		035567622BBCECFD00F04C6B /* HomeView.swift in Sources */ = {isa = PBXBuildFile; fileRef = 035567612BBCECFD00F04C6B /* HomeView.swift */; };
		035567642BBCED0800F04C6B /* SettingsView.swift in Sources */ = {isa = PBXBuildFile; fileRef = 035567632BBCED0800F04C6B /* SettingsView.swift */; };
		035567662BBCEF0700F04C6B /* BuyStock.swift in Sources */ = {isa = PBXBuildFile; fileRef = 035567652BBCEF0700F04C6B /* BuyStock.swift */; };
		03E690792BC356D200216F56 /* MovePosition.swift in Sources */ = {isa = PBXBuildFile; fileRef = 03E690782BC356D200216F56 /* MovePosition.swift */; };
		03E6907C2BC3640900216F56 /* MovieViewModel.swift in Sources */ = {isa = PBXBuildFile; fileRef = 03E6907B2BC3640900216F56 /* MovieViewModel.swift */; };
/* End PBXBuildFile section */

/* Begin PBXFileReference section */
		0346AC732BC0BEE600B6C831 /* Movies.swift */ = {isa = PBXFileReference; lastKnownFileType = sourcecode.swift; path = Movies.swift; sourceTree = "<group>"; };
		0346AC762BC0BF0500B6C831 /* BuyStockViewModel.swift */ = {isa = PBXFileReference; lastKnownFileType = sourcecode.swift; path = BuyStockViewModel.swift; sourceTree = "<group>"; };
		0346AC782BC0C5E900B6C831 /* ExecutingView.swift */ = {isa = PBXFileReference; lastKnownFileType = sourcecode.swift; path = ExecutingView.swift; sourceTree = "<group>"; };
		0346AC7A2BC0C5F300B6C831 /* FailureView.swift */ = {isa = PBXFileReference; lastKnownFileType = sourcecode.swift; path = FailureView.swift; sourceTree = "<group>"; };
		0346AC7C2BC0C60500B6C831 /* ExecutedView.swift */ = {isa = PBXFileReference; lastKnownFileType = sourcecode.swift; path = ExecutedView.swift; sourceTree = "<group>"; };
		0346AC7E2BC1F71A00B6C831 /* SubmitView.swift */ = {isa = PBXFileReference; lastKnownFileType = sourcecode.swift; path = SubmitView.swift; sourceTree = "<group>"; };
		0355674F2BBCE5D000F04C6B /* Practice.app */ = {isa = PBXFileReference; explicitFileType = wrapper.application; includeInIndex = 0; path = Practice.app; sourceTree = BUILT_PRODUCTS_DIR; };
		035567522BBCE5D000F04C6B /* PracticeApp.swift */ = {isa = PBXFileReference; lastKnownFileType = sourcecode.swift; path = PracticeApp.swift; sourceTree = "<group>"; };
		035567542BBCE5D000F04C6B /* ContentView.swift */ = {isa = PBXFileReference; lastKnownFileType = sourcecode.swift; path = ContentView.swift; sourceTree = "<group>"; };
		035567562BBCE5D100F04C6B /* Assets.xcassets */ = {isa = PBXFileReference; lastKnownFileType = folder.assetcatalog; path = Assets.xcassets; sourceTree = "<group>"; };
		035567582BBCE5D100F04C6B /* Practice.entitlements */ = {isa = PBXFileReference; lastKnownFileType = text.plist.entitlements; path = Practice.entitlements; sourceTree = "<group>"; };
		0355675A2BBCE5D100F04C6B /* Preview Assets.xcassets */ = {isa = PBXFileReference; lastKnownFileType = folder.assetcatalog; path = "Preview Assets.xcassets"; sourceTree = "<group>"; };
		035567612BBCECFD00F04C6B /* HomeView.swift */ = {isa = PBXFileReference; lastKnownFileType = sourcecode.swift; path = HomeView.swift; sourceTree = "<group>"; };
		035567632BBCED0800F04C6B /* SettingsView.swift */ = {isa = PBXFileReference; lastKnownFileType = sourcecode.swift; path = SettingsView.swift; sourceTree = "<group>"; };
		035567652BBCEF0700F04C6B /* BuyStock.swift */ = {isa = PBXFileReference; lastKnownFileType = sourcecode.swift; path = BuyStock.swift; sourceTree = "<group>"; };
		03E690782BC356D200216F56 /* MovePosition.swift */ = {isa = PBXFileReference; lastKnownFileType = sourcecode.swift; path = MovePosition.swift; sourceTree = "<group>"; };
		03E6907B2BC3640900216F56 /* MovieViewModel.swift */ = {isa = PBXFileReference; lastKnownFileType = sourcecode.swift; path = MovieViewModel.swift; sourceTree = "<group>"; };
/* End PBXFileReference section */

/* Begin PBXFrameworksBuildPhase section */
		0355674C2BBCE5D000F04C6B /* Frameworks */ = {
			isa = PBXFrameworksBuildPhase;
			buildActionMask = 2147483647;
			files = (
			);
			runOnlyForDeploymentPostprocessing = 0;
		};
/* End PBXFrameworksBuildPhase section */

/* Begin PBXGroup section */
		0346AC722BC0BECE00B6C831 /* BuyStock */ = {
			isa = PBXGroup;
			children = (
				035567652BBCEF0700F04C6B /* BuyStock.swift */,
				0346AC7E2BC1F71A00B6C831 /* SubmitView.swift */,
				0346AC7C2BC0C60500B6C831 /* ExecutedView.swift */,
				0346AC782BC0C5E900B6C831 /* ExecutingView.swift */,
				0346AC7A2BC0C5F300B6C831 /* FailureView.swift */,
				0346AC762BC0BF0500B6C831 /* BuyStockViewModel.swift */,
			);
			path = BuyStock;
			sourceTree = "<group>";
		};
		0346AC752BC0BEEA00B6C831 /* Movies */ = {
			isa = PBXGroup;
			children = (
				0346AC732BC0BEE600B6C831 /* Movies.swift */,
				03E6907B2BC3640900216F56 /* MovieViewModel.swift */,
			);
			path = Movies;
			sourceTree = "<group>";
		};
		035567462BBCE5D000F04C6B = {
			isa = PBXGroup;
			children = (
				035567512BBCE5D000F04C6B /* Practice */,
				035567502BBCE5D000F04C6B /* Products */,
			);
			sourceTree = "<group>";
		};
		035567502BBCE5D000F04C6B /* Products */ = {
			isa = PBXGroup;
			children = (
				0355674F2BBCE5D000F04C6B /* Practice.app */,
			);
			name = Products;
			sourceTree = "<group>";
		};
		035567512BBCE5D000F04C6B /* Practice */ = {
			isa = PBXGroup;
			children = (
				035567522BBCE5D000F04C6B /* PracticeApp.swift */,
				035567542BBCE5D000F04C6B /* ContentView.swift */,
				035567612BBCECFD00F04C6B /* HomeView.swift */,
				035567632BBCED0800F04C6B /* SettingsView.swift */,
				03E6907A2BC356DE00216F56 /* MovePosition */,
				0346AC752BC0BEEA00B6C831 /* Movies */,
				0346AC722BC0BECE00B6C831 /* BuyStock */,
				035567562BBCE5D100F04C6B /* Assets.xcassets */,
				035567582BBCE5D100F04C6B /* Practice.entitlements */,
				035567592BBCE5D100F04C6B /* Preview Content */,
			);
			path = Practice;
			sourceTree = "<group>";
		};
		035567592BBCE5D100F04C6B /* Preview Content */ = {
			isa = PBXGroup;
			children = (
				0355675A2BBCE5D100F04C6B /* Preview Assets.xcassets */,
			);
			path = "Preview Content";
			sourceTree = "<group>";
		};
		03E6907A2BC356DE00216F56 /* MovePosition */ = {
			isa = PBXGroup;
			children = (
				03E690782BC356D200216F56 /* MovePosition.swift */,
			);
			path = MovePosition;
			sourceTree = "<group>";
		};
/* End PBXGroup section */

/* Begin PBXNativeTarget section */
		0355674E2BBCE5D000F04C6B /* Practice */ = {
			isa = PBXNativeTarget;
			buildConfigurationList = 0355675E2BBCE5D100F04C6B /* Build configuration list for PBXNativeTarget "Practice" */;
			buildPhases = (
				0355674B2BBCE5D000F04C6B /* Sources */,
				0355674C2BBCE5D000F04C6B /* Frameworks */,
				0355674D2BBCE5D000F04C6B /* Resources */,
			);
			buildRules = (
			);
			dependencies = (
			);
			name = Practice;
			productName = Practice;
			productReference = 0355674F2BBCE5D000F04C6B /* Practice.app */;
			productType = "com.apple.product-type.application";
		};
/* End PBXNativeTarget section */

/* Begin PBXProject section */
		035567472BBCE5D000F04C6B /* Project object */ = {
			isa = PBXProject;
			attributes = {
				BuildIndependentTargetsInParallel = 1;
				LastSwiftUpdateCheck = 1530;
				LastUpgradeCheck = 1530;
				TargetAttributes = {
					0355674E2BBCE5D000F04C6B = {
						CreatedOnToolsVersion = 15.3;
					};
				};
			};
			buildConfigurationList = 0355674A2BBCE5D000F04C6B /* Build configuration list for PBXProject "Practice" */;
			compatibilityVersion = "Xcode 14.0";
			developmentRegion = en;
			hasScannedForEncodings = 0;
			knownRegions = (
				en,
				Base,
			);
			mainGroup = 035567462BBCE5D000F04C6B;
			productRefGroup = 035567502BBCE5D000F04C6B /* Products */;
			projectDirPath = "";
			projectRoot = "";
			targets = (
				0355674E2BBCE5D000F04C6B /* Practice */,
			);
		};
/* End PBXProject section */

/* Begin PBXResourcesBuildPhase section */
		0355674D2BBCE5D000F04C6B /* Resources */ = {
			isa = PBXResourcesBuildPhase;
			buildActionMask = 2147483647;
			files = (
				0355675B2BBCE5D100F04C6B /* Preview Assets.xcassets in Resources */,
				035567572BBCE5D100F04C6B /* Assets.xcassets in Resources */,
			);
			runOnlyForDeploymentPostprocessing = 0;
		};
/* End PBXResourcesBuildPhase section */

/* Begin PBXSourcesBuildPhase section */
		0355674B2BBCE5D000F04C6B /* Sources */ = {
			isa = PBXSourcesBuildPhase;
			buildActionMask = 2147483647;
			files = (
				035567622BBCECFD00F04C6B /* HomeView.swift in Sources */,
				035567662BBCEF0700F04C6B /* BuyStock.swift in Sources */,
				0346AC742BC0BEE600B6C831 /* Movies.swift in Sources */,
				0346AC7D2BC0C60500B6C831 /* ExecutedView.swift in Sources */,
				0346AC772BC0BF0500B6C831 /* BuyStockViewModel.swift in Sources */,
				03E690792BC356D200216F56 /* MovePosition.swift in Sources */,
				035567642BBCED0800F04C6B /* SettingsView.swift in Sources */,
				0346AC792BC0C5E900B6C831 /* ExecutingView.swift in Sources */,
				035567552BBCE5D000F04C6B /* ContentView.swift in Sources */,
				0346AC7B2BC0C5F300B6C831 /* FailureView.swift in Sources */,
				03E6907C2BC3640900216F56 /* MovieViewModel.swift in Sources */,
				035567532BBCE5D000F04C6B /* PracticeApp.swift in Sources */,
				0346AC7F2BC1F71A00B6C831 /* SubmitView.swift in Sources */,
			);
			runOnlyForDeploymentPostprocessing = 0;
		};
/* End PBXSourcesBuildPhase section */

/* Begin XCBuildConfiguration section */
		0355675C2BBCE5D100F04C6B /* Debug */ = {
			isa = XCBuildConfiguration;
			buildSettings = {
				ALWAYS_SEARCH_USER_PATHS = NO;
				ASSETCATALOG_COMPILER_GENERATE_SWIFT_ASSET_SYMBOL_EXTENSIONS = YES;
				CLANG_ANALYZER_NONNULL = YES;
				CLANG_ANALYZER_NUMBER_OBJECT_CONVERSION = YES_AGGRESSIVE;
				CLANG_CXX_LANGUAGE_STANDARD = "gnu++20";
				CLANG_ENABLE_MODULES = YES;
				CLANG_ENABLE_OBJC_ARC = YES;
				CLANG_ENABLE_OBJC_WEAK = YES;
				CLANG_WARN_BLOCK_CAPTURE_AUTORELEASING = YES;
				CLANG_WARN_BOOL_CONVERSION = YES;
				CLANG_WARN_COMMA = YES;
				CLANG_WARN_CONSTANT_CONVERSION = YES;
				CLANG_WARN_DEPRECATED_OBJC_IMPLEMENTATIONS = YES;
				CLANG_WARN_DIRECT_OBJC_ISA_USAGE = YES_ERROR;
				CLANG_WARN_DOCUMENTATION_COMMENTS = YES;
				CLANG_WARN_EMPTY_BODY = YES;
				CLANG_WARN_ENUM_CONVERSION = YES;
				CLANG_WARN_INFINITE_RECURSION = YES;
				CLANG_WARN_INT_CONVERSION = YES;
				CLANG_WARN_NON_LITERAL_NULL_CONVERSION = YES;
				CLANG_WARN_OBJC_IMPLICIT_RETAIN_SELF = YES;
				CLANG_WARN_OBJC_LITERAL_CONVERSION = YES;
				CLANG_WARN_OBJC_ROOT_CLASS = YES_ERROR;
				CLANG_WARN_QUOTED_INCLUDE_IN_FRAMEWORK_HEADER = YES;
				CLANG_WARN_RANGE_LOOP_ANALYSIS = YES;
				CLANG_WARN_STRICT_PROTOTYPES = YES;
				CLANG_WARN_SUSPICIOUS_MOVE = YES;
				CLANG_WARN_UNGUARDED_AVAILABILITY = YES_AGGRESSIVE;
				CLANG_WARN_UNREACHABLE_CODE = YES;
				CLANG_WARN__DUPLICATE_METHOD_MATCH = YES;
				COPY_PHASE_STRIP = NO;
				DEBUG_INFORMATION_FORMAT = dwarf;
				ENABLE_STRICT_OBJC_MSGSEND = YES;
				ENABLE_TESTABILITY = YES;
				ENABLE_USER_SCRIPT_SANDBOXING = YES;
				GCC_C_LANGUAGE_STANDARD = gnu17;
				GCC_DYNAMIC_NO_PIC = NO;
				GCC_NO_COMMON_BLOCKS = YES;
				GCC_OPTIMIZATION_LEVEL = 0;
				GCC_PREPROCESSOR_DEFINITIONS = (
					"DEBUG=1",
					"$(inherited)",
				);
				GCC_WARN_64_TO_32_BIT_CONVERSION = YES;
				GCC_WARN_ABOUT_RETURN_TYPE = YES_ERROR;
				GCC_WARN_UNDECLARED_SELECTOR = YES;
				GCC_WARN_UNINITIALIZED_AUTOS = YES_AGGRESSIVE;
				GCC_WARN_UNUSED_FUNCTION = YES;
				GCC_WARN_UNUSED_VARIABLE = YES;
				LOCALIZATION_PREFERS_STRING_CATALOGS = YES;
				MTL_ENABLE_DEBUG_INFO = INCLUDE_SOURCE;
				MTL_FAST_MATH = YES;
				ONLY_ACTIVE_ARCH = YES;
				SWIFT_ACTIVE_COMPILATION_CONDITIONS = "DEBUG $(inherited)";
				SWIFT_OPTIMIZATION_LEVEL = "-Onone";
			};
			name = Debug;
		};
		0355675D2BBCE5D100F04C6B /* Release */ = {
			isa = XCBuildConfiguration;
			buildSettings = {
				ALWAYS_SEARCH_USER_PATHS = NO;
				ASSETCATALOG_COMPILER_GENERATE_SWIFT_ASSET_SYMBOL_EXTENSIONS = YES;
				CLANG_ANALYZER_NONNULL = YES;
				CLANG_ANALYZER_NUMBER_OBJECT_CONVERSION = YES_AGGRESSIVE;
				CLANG_CXX_LANGUAGE_STANDARD = "gnu++20";
				CLANG_ENABLE_MODULES = YES;
				CLANG_ENABLE_OBJC_ARC = YES;
				CLANG_ENABLE_OBJC_WEAK = YES;
				CLANG_WARN_BLOCK_CAPTURE_AUTORELEASING = YES;
				CLANG_WARN_BOOL_CONVERSION = YES;
				CLANG_WARN_COMMA = YES;
				CLANG_WARN_CONSTANT_CONVERSION = YES;
				CLANG_WARN_DEPRECATED_OBJC_IMPLEMENTATIONS = YES;
				CLANG_WARN_DIRECT_OBJC_ISA_USAGE = YES_ERROR;
				CLANG_WARN_DOCUMENTATION_COMMENTS = YES;
				CLANG_WARN_EMPTY_BODY = YES;
				CLANG_WARN_ENUM_CONVERSION = YES;
				CLANG_WARN_INFINITE_RECURSION = YES;
				CLANG_WARN_INT_CONVERSION = YES;
				CLANG_WARN_NON_LITERAL_NULL_CONVERSION = YES;
				CLANG_WARN_OBJC_IMPLICIT_RETAIN_SELF = YES;
				CLANG_WARN_OBJC_LITERAL_CONVERSION = YES;
				CLANG_WARN_OBJC_ROOT_CLASS = YES_ERROR;
				CLANG_WARN_QUOTED_INCLUDE_IN_FRAMEWORK_HEADER = YES;
				CLANG_WARN_RANGE_LOOP_ANALYSIS = YES;
				CLANG_WARN_STRICT_PROTOTYPES = YES;
				CLANG_WARN_SUSPICIOUS_MOVE = YES;
				CLANG_WARN_UNGUARDED_AVAILABILITY = YES_AGGRESSIVE;
				CLANG_WARN_UNREACHABLE_CODE = YES;
				CLANG_WARN__DUPLICATE_METHOD_MATCH = YES;
				COPY_PHASE_STRIP = NO;
				DEBUG_INFORMATION_FORMAT = "dwarf-with-dsym";
				ENABLE_NS_ASSERTIONS = NO;
				ENABLE_STRICT_OBJC_MSGSEND = YES;
				ENABLE_USER_SCRIPT_SANDBOXING = YES;
				GCC_C_LANGUAGE_STANDARD = gnu17;
				GCC_NO_COMMON_BLOCKS = YES;
				GCC_WARN_64_TO_32_BIT_CONVERSION = YES;
				GCC_WARN_ABOUT_RETURN_TYPE = YES_ERROR;
				GCC_WARN_UNDECLARED_SELECTOR = YES;
				GCC_WARN_UNINITIALIZED_AUTOS = YES_AGGRESSIVE;
				GCC_WARN_UNUSED_FUNCTION = YES;
				GCC_WARN_UNUSED_VARIABLE = YES;
				LOCALIZATION_PREFERS_STRING_CATALOGS = YES;
				MTL_ENABLE_DEBUG_INFO = NO;
				MTL_FAST_MATH = YES;
				SWIFT_COMPILATION_MODE = wholemodule;
			};
			name = Release;
		};
		0355675F2BBCE5D100F04C6B /* Debug */ = {
			isa = XCBuildConfiguration;
			buildSettings = {
				ASSETCATALOG_COMPILER_APPICON_NAME = AppIcon;
				ASSETCATALOG_COMPILER_GLOBAL_ACCENT_COLOR_NAME = AccentColor;
				CODE_SIGN_ENTITLEMENTS = Practice/Practice.entitlements;
				CODE_SIGN_STYLE = Automatic;
				CURRENT_PROJECT_VERSION = 1;
				DEVELOPMENT_ASSET_PATHS = "\"Practice/Preview Content\"";
				DEVELOPMENT_TEAM = 5XBTBLK336;
				ENABLE_HARDENED_RUNTIME = YES;
				ENABLE_PREVIEWS = YES;
				GENERATE_INFOPLIST_FILE = YES;
				"INFOPLIST_KEY_UIApplicationSceneManifest_Generation[sdk=iphoneos*]" = YES;
				"INFOPLIST_KEY_UIApplicationSceneManifest_Generation[sdk=iphonesimulator*]" = YES;
				"INFOPLIST_KEY_UIApplicationSupportsIndirectInputEvents[sdk=iphoneos*]" = YES;
				"INFOPLIST_KEY_UIApplicationSupportsIndirectInputEvents[sdk=iphonesimulator*]" = YES;
				"INFOPLIST_KEY_UILaunchScreen_Generation[sdk=iphoneos*]" = YES;
				"INFOPLIST_KEY_UILaunchScreen_Generation[sdk=iphonesimulator*]" = YES;
				"INFOPLIST_KEY_UIStatusBarStyle[sdk=iphoneos*]" = UIStatusBarStyleDefault;
				"INFOPLIST_KEY_UIStatusBarStyle[sdk=iphonesimulator*]" = UIStatusBarStyleDefault;
				INFOPLIST_KEY_UISupportedInterfaceOrientations_iPad = "UIInterfaceOrientationPortrait UIInterfaceOrientationPortraitUpsideDown UIInterfaceOrientationLandscapeLeft UIInterfaceOrientationLandscapeRight";
				INFOPLIST_KEY_UISupportedInterfaceOrientations_iPhone = "UIInterfaceOrientationPortrait UIInterfaceOrientationLandscapeLeft UIInterfaceOrientationLandscapeRight";
				IPHONEOS_DEPLOYMENT_TARGET = 17.4;
				LD_RUNPATH_SEARCH_PATHS = "@executable_path/Frameworks";
				"LD_RUNPATH_SEARCH_PATHS[sdk=macosx*]" = "@executable_path/../Frameworks";
				MACOSX_DEPLOYMENT_TARGET = 14.4;
				MARKETING_VERSION = 1.0;
				PRODUCT_BUNDLE_IDENTIFIER = com.bowensun.Practice;
				PRODUCT_NAME = "$(TARGET_NAME)";
				SDKROOT = auto;
				SUPPORTED_PLATFORMS = "iphoneos iphonesimulator macosx";
				SWIFT_EMIT_LOC_STRINGS = YES;
				SWIFT_VERSION = 5.0;
				TARGETED_DEVICE_FAMILY = "1,2";
			};
			name = Debug;
		};
		035567602BBCE5D100F04C6B /* Release */ = {
			isa = XCBuildConfiguration;
			buildSettings = {
				ASSETCATALOG_COMPILER_APPICON_NAME = AppIcon;
				ASSETCATALOG_COMPILER_GLOBAL_ACCENT_COLOR_NAME = AccentColor;
				CODE_SIGN_ENTITLEMENTS = Practice/Practice.entitlements;
				CODE_SIGN_STYLE = Automatic;
				CURRENT_PROJECT_VERSION = 1;
				DEVELOPMENT_ASSET_PATHS = "\"Practice/Preview Content\"";
				DEVELOPMENT_TEAM = 5XBTBLK336;
				ENABLE_HARDENED_RUNTIME = YES;
				ENABLE_PREVIEWS = YES;
				GENERATE_INFOPLIST_FILE = YES;
				"INFOPLIST_KEY_UIApplicationSceneManifest_Generation[sdk=iphoneos*]" = YES;
				"INFOPLIST_KEY_UIApplicationSceneManifest_Generation[sdk=iphonesimulator*]" = YES;
				"INFOPLIST_KEY_UIApplicationSupportsIndirectInputEvents[sdk=iphoneos*]" = YES;
				"INFOPLIST_KEY_UIApplicationSupportsIndirectInputEvents[sdk=iphonesimulator*]" = YES;
				"INFOPLIST_KEY_UILaunchScreen_Generation[sdk=iphoneos*]" = YES;
				"INFOPLIST_KEY_UILaunchScreen_Generation[sdk=iphonesimulator*]" = YES;
				"INFOPLIST_KEY_UIStatusBarStyle[sdk=iphoneos*]" = UIStatusBarStyleDefault;
				"INFOPLIST_KEY_UIStatusBarStyle[sdk=iphonesimulator*]" = UIStatusBarStyleDefault;
				INFOPLIST_KEY_UISupportedInterfaceOrientations_iPad = "UIInterfaceOrientationPortrait UIInterfaceOrientationPortraitUpsideDown UIInterfaceOrientationLandscapeLeft UIInterfaceOrientationLandscapeRight";
				INFOPLIST_KEY_UISupportedInterfaceOrientations_iPhone = "UIInterfaceOrientationPortrait UIInterfaceOrientationLandscapeLeft UIInterfaceOrientationLandscapeRight";
				IPHONEOS_DEPLOYMENT_TARGET = 17.4;
				LD_RUNPATH_SEARCH_PATHS = "@executable_path/Frameworks";
				"LD_RUNPATH_SEARCH_PATHS[sdk=macosx*]" = "@executable_path/../Frameworks";
				MACOSX_DEPLOYMENT_TARGET = 14.4;
				MARKETING_VERSION = 1.0;
				PRODUCT_BUNDLE_IDENTIFIER = com.bowensun.Practice;
				PRODUCT_NAME = "$(TARGET_NAME)";
				SDKROOT = auto;
				SUPPORTED_PLATFORMS = "iphoneos iphonesimulator macosx";
				SWIFT_EMIT_LOC_STRINGS = YES;
				SWIFT_VERSION = 5.0;
				TARGETED_DEVICE_FAMILY = "1,2";
			};
			name = Release;
		};
/* End XCBuildConfiguration section */

/* Begin XCConfigurationList section */
		0355674A2BBCE5D000F04C6B /* Build configuration list for PBXProject "Practice" */ = {
			isa = XCConfigurationList;
			buildConfigurations = (
				0355675C2BBCE5D100F04C6B /* Debug */,
				0355675D2BBCE5D100F04C6B /* Release */,
			);
			defaultConfigurationIsVisible = 0;
			defaultConfigurationName = Release;
		};
		0355675E2BBCE5D100F04C6B /* Build configuration list for PBXNativeTarget "Practice" */ = {
			isa = XCConfigurationList;
			buildConfigurations = (
				0355675F2BBCE5D100F04C6B /* Debug */,
				035567602BBCE5D100F04C6B /* Release */,
			);
			defaultConfigurationIsVisible = 0;
			defaultConfigurationName = Release;
		};
/* End XCConfigurationList section */
	};
	rootObject = 035567472BBCE5D000F04C6B /* Project object */;
}
